
Microsoft Visual Studio Solution File, Format Version 12.00
# Visual Studio Version 16
VisualStudioVersion = 16.0.29306.81
MinimumVisualStudioVersion = 10.0.40219.1
Project("{FAE04EC0-301F-11D3-BF4B-00C04F79EFBC}") = "BranchAndChicken.Api", "BranchAndChicken.Api\BranchAndChicken.Api.csproj", "{889168E4-A261-4FE0-B6F8-8A51C81ADC7E}"
EndProject
Global
	GlobalSection(SolutionConfigurationPlatforms) = preSolution
		Debug|Any CPU = Debug|Any CPU
		Release|Any CPU = Release|Any CPU
	EndGlobalSection
	GlobalSection(ProjectConfigurationPlatforms) = postSolution
		{889168E4-A261-4FE0-B6F8-8A51C81ADC7E}.Debug|Any CPU.ActiveCfg = Debug|Any CPU
		{889168E4-A261-4FE0-B6F8-8A51C81ADC7E}.Debug|Any CPU.Build.0 = Debug|Any CPU
		{889168E4-A261-4FE0-B6F8-8A51C81ADC7E}.Release|Any CPU.ActiveCfg = Release|Any CPU
		{889168E4-A261-4FE0-B6F8-8A51C81ADC7E}.Release|Any CPU.Build.0 = Release|Any CPU
	EndGlobalSection
	GlobalSection(SolutionProperties) = preSolution
		HideSolutionNode = FALSE
	EndGlobalSection
	GlobalSection(ExtensibilityGlobals) = postSolution
		SolutionGuid = {F20581A6-B3B4-461C-9CD1-6AD2D588B3B5}
	EndGlobalSection
EndGlobal
